
Microsoft Visual Studio Solution File, Format Version 12.00
# Visual Studio Version 17
VisualStudioVersion = 17.7.34031.279
MinimumVisualStudioVersion = 10.0.40219.1
Project("{2150E333-8FDC-42A3-9474-1A3956D46DE8}") = "Solution Items", "Solution Items", "{C1A84F60-275A-4AFF-82A8-598ADDE66429}"
	ProjectSection(SolutionItems) = preProject
		.editorconfig = .editorconfig
	EndProjectSection
EndProject
Project("{FAE04EC0-301F-11D3-BF4B-00C04F79EFBC}") = "AIPoweredSQLConverter", "AIPoweredSQLConverter\AIPoweredSQLConverter.csproj", "{2304A17D-EC6B-4336-ABA9-4725A998C42F}"
EndProject
Project("{FAE04EC0-301F-11D3-BF4B-00C04F79EFBC}") = "AIPoweredSQLConverter.Tests.Integration", "AIPoweredSQLConverter.Tests.Integration\AIPoweredSQLConverter.Tests.Integration.csproj", "{65A35C97-7A5F-4B7B-8294-70243824A7EF}"
EndProject
Project("{FAE04EC0-301F-11D3-BF4B-00C04F79EFBC}") = "AIPoweredSQLConverter.Tests.Unit", "AIPoweredSQLConverter.Tests.Unit\AIPoweredSQLConverter.Tests.Unit.csproj", "{712C2D13-A8EC-4935-A14A-883F5D4FBDDF}"
EndProject
Global
	GlobalSection(SolutionConfigurationPlatforms) = preSolution
		Debug|Any CPU = Debug|Any CPU
		Release|Any CPU = Release|Any CPU
	EndGlobalSection
	GlobalSection(ProjectConfigurationPlatforms) = postSolution
		{2304A17D-EC6B-4336-ABA9-4725A998C42F}.Debug|Any CPU.ActiveCfg = Debug|Any CPU
		{2304A17D-EC6B-4336-ABA9-4725A998C42F}.Debug|Any CPU.Build.0 = Debug|Any CPU
		{2304A17D-EC6B-4336-ABA9-4725A998C42F}.Release|Any CPU.ActiveCfg = Release|Any CPU
		{2304A17D-EC6B-4336-ABA9-4725A998C42F}.Release|Any CPU.Build.0 = Release|Any CPU
		{65A35C97-7A5F-4B7B-8294-70243824A7EF}.Debug|Any CPU.ActiveCfg = Debug|Any CPU
		{65A35C97-7A5F-4B7B-8294-70243824A7EF}.Debug|Any CPU.Build.0 = Debug|Any CPU
		{65A35C97-7A5F-4B7B-8294-70243824A7EF}.Release|Any CPU.ActiveCfg = Release|Any CPU
		{65A35C97-7A5F-4B7B-8294-70243824A7EF}.Release|Any CPU.Build.0 = Release|Any CPU
		{712C2D13-A8EC-4935-A14A-883F5D4FBDDF}.Debug|Any CPU.ActiveCfg = Debug|Any CPU
		{712C2D13-A8EC-4935-A14A-883F5D4FBDDF}.Debug|Any CPU.Build.0 = Debug|Any CPU
		{712C2D13-A8EC-4935-A14A-883F5D4FBDDF}.Release|Any CPU.ActiveCfg = Release|Any CPU
		{712C2D13-A8EC-4935-A14A-883F5D4FBDDF}.Release|Any CPU.Build.0 = Release|Any CPU
	EndGlobalSection
	GlobalSection(SolutionProperties) = preSolution
		HideSolutionNode = FALSE
	EndGlobalSection
	GlobalSection(ExtensibilityGlobals) = postSolution
		SolutionGuid = {0CBD2097-D982-4C78-9BE7-C8E7D4C7DF40}
	EndGlobalSection
EndGlobal
