
Microsoft Visual Studio Solution File, Format Version 12.00
# Visual Studio Version 17
VisualStudioVersion = 17.7.34031.279
MinimumVisualStudioVersion = 10.0.40219.1
Project("{2150E333-8FDC-42A3-9474-1A3956D46DE8}") = "Solution Items", "Solution Items", "{C1A84F60-275A-4AFF-82A8-598ADDE66429}"
	ProjectSection(SolutionItems) = preProject
		.editorconfig = .editorconfig
	EndProjectSection
EndProject
Project("{9A19103F-16F7-4668-BE54-9A1E7A4F7556}") = "BoardGameBuddy", "BoardGameBuddy\BoardGameBuddy.csproj", "{7ACACD77-6F2E-422E-BA59-7DC1B26F5C67}"
EndProject
Project("{9A19103F-16F7-4668-BE54-9A1E7A4F7556}") = "BoardGameBuddy.Tests.Unit", "BoardGameBuddy.Tests.Unit\BoardGameBuddy.Tests.Unit.csproj", "{7AEEA8BE-5AE9-4665-817C-5C67A4307089}"
EndProject
Project("{9A19103F-16F7-4668-BE54-9A1E7A4F7556}") = "BoardGameBuddy.Tests.Integration", "BoardGameBuddy.Tests.Integration\BoardGameBuddy.Tests.Integration.csproj", "{EDE8127D-3B06-477E-9018-E91767C5EA6F}"
EndProject
Global
	GlobalSection(SolutionConfigurationPlatforms) = preSolution
		Debug|Any CPU = Debug|Any CPU
		Release|Any CPU = Release|Any CPU
	EndGlobalSection
	GlobalSection(ProjectConfigurationPlatforms) = postSolution
		{7ACACD77-6F2E-422E-BA59-7DC1B26F5C67}.Debug|Any CPU.ActiveCfg = Debug|Any CPU
		{7ACACD77-6F2E-422E-BA59-7DC1B26F5C67}.Debug|Any CPU.Build.0 = Debug|Any CPU
		{7ACACD77-6F2E-422E-BA59-7DC1B26F5C67}.Release|Any CPU.ActiveCfg = Release|Any CPU
		{7ACACD77-6F2E-422E-BA59-7DC1B26F5C67}.Release|Any CPU.Build.0 = Release|Any CPU
		{7AEEA8BE-5AE9-4665-817C-5C67A4307089}.Debug|Any CPU.ActiveCfg = Debug|Any CPU
		{7AEEA8BE-5AE9-4665-817C-5C67A4307089}.Debug|Any CPU.Build.0 = Debug|Any CPU
		{7AEEA8BE-5AE9-4665-817C-5C67A4307089}.Release|Any CPU.ActiveCfg = Release|Any CPU
		{7AEEA8BE-5AE9-4665-817C-5C67A4307089}.Release|Any CPU.Build.0 = Release|Any CPU
		{EDE8127D-3B06-477E-9018-E91767C5EA6F}.Debug|Any CPU.ActiveCfg = Debug|Any CPU
		{EDE8127D-3B06-477E-9018-E91767C5EA6F}.Debug|Any CPU.Build.0 = Debug|Any CPU
		{EDE8127D-3B06-477E-9018-E91767C5EA6F}.Release|Any CPU.ActiveCfg = Release|Any CPU
		{EDE8127D-3B06-477E-9018-E91767C5EA6F}.Release|Any CPU.Build.0 = Release|Any CPU
	EndGlobalSection
	GlobalSection(SolutionProperties) = preSolution
		HideSolutionNode = FALSE
	EndGlobalSection
	GlobalSection(ExtensibilityGlobals) = postSolution
		SolutionGuid = {0CBD2097-D982-4C78-9BE7-C8E7D4C7DF40}
	EndGlobalSection
EndGlobal
